// !$*UTF8*$!
{
	archiveVersion = 1;
	classes = {
	};
	objectVersion = 46;
	objects = {

/* Begin PBXBuildFile section */
		1719F4041DFE373200E8C94D /* IRC.swift in Sources */ = {isa = PBXBuildFile; fileRef = 1719F4031DFE373200E8C94D /* IRC.swift */; };
		172E2ACF1E034DE6001497DA /* ChannelCollectionViewCell.swift in Sources */ = {isa = PBXBuildFile; fileRef = 172E2ACE1E034DE6001497DA /* ChannelCollectionViewCell.swift */; };
		173517131E04D689005219E0 /* NSNumber+UIPressType.swift in Sources */ = {isa = PBXBuildFile; fileRef = 173517121E04D689005219E0 /* NSNumber+UIPressType.swift */; };
		173517151E04DE80005219E0 /* ChannelGuideViewController.swift in Sources */ = {isa = PBXBuildFile; fileRef = 173517141E04DE80005219E0 /* ChannelGuideViewController.swift */; };
		173517171E04DE92005219E0 /* ChatRealmViewController.swift in Sources */ = {isa = PBXBuildFile; fileRef = 173517161E04DE92005219E0 /* ChatRealmViewController.swift */; };
		173517191E05D935005219E0 /* Schedule.swift in Sources */ = {isa = PBXBuildFile; fileRef = 173517181E05D935005219E0 /* Schedule.swift */; };
		1735171B1E05D947005219E0 /* Event.swift in Sources */ = {isa = PBXBuildFile; fileRef = 1735171A1E05D947005219E0 /* Event.swift */; };
		1735171D1E05D959005219E0 /* Duration.swift in Sources */ = {isa = PBXBuildFile; fileRef = 1735171C1E05D959005219E0 /* Duration.swift */; };
		1735171F1E05D977005219E0 /* NSDate+Calendar.swift in Sources */ = {isa = PBXBuildFile; fileRef = 1735171E1E05D977005219E0 /* NSDate+Calendar.swift */; };
		173517211E05DC0B005219E0 /* Keys.plist in Resources */ = {isa = PBXBuildFile; fileRef = 173517201E05DC0B005219E0 /* Keys.plist */; };
		17830D751E00BFD200F71D8F /* MessageTableViewCell.swift in Sources */ = {isa = PBXBuildFile; fileRef = 17830D741E00BFD200F71D8F /* MessageTableViewCell.swift */; };
		17D94DC71DFC9EE300509487 /* AppDelegate.swift in Sources */ = {isa = PBXBuildFile; fileRef = 17D94DC61DFC9EE300509487 /* AppDelegate.swift */; };
		17D94DC91DFC9EE300509487 /* ViewController.swift in Sources */ = {isa = PBXBuildFile; fileRef = 17D94DC81DFC9EE300509487 /* ViewController.swift */; };
		17D94DCC1DFC9EE300509487 /* Main.storyboard in Resources */ = {isa = PBXBuildFile; fileRef = 17D94DCA1DFC9EE300509487 /* Main.storyboard */; };
		17D94DCE1DFC9EE300509487 /* Assets.xcassets in Resources */ = {isa = PBXBuildFile; fileRef = 17D94DCD1DFC9EE300509487 /* Assets.xcassets */; };
		17D94DD81DFCA13700509487 /* AVFoundation.framework in Frameworks */ = {isa = PBXBuildFile; fileRef = 17D94DD61DFCA13700509487 /* AVFoundation.framework */; };
		17D94DD91DFCA13700509487 /* AVKit.framework in Frameworks */ = {isa = PBXBuildFile; fileRef = 17D94DD71DFCA13700509487 /* AVKit.framework */; };
		17D94DDB1DFCA72700509487 /* DiamondClub.swift in Sources */ = {isa = PBXBuildFile; fileRef = 17D94DDA1DFCA72700509487 /* DiamondClub.swift */; };
		FD3890CE1CFC0AAE31E8A7F5 /* Pods_Diamond_Club.framework in Frameworks */ = {isa = PBXBuildFile; fileRef = 24AFBA83FA25B66FF097710D /* Pods_Diamond_Club.framework */; };
/* End PBXBuildFile section */

/* Begin PBXFileReference section */
		1719F4031DFE373200E8C94D /* IRC.swift */ = {isa = PBXFileReference; fileEncoding = 4; lastKnownFileType = sourcecode.swift; path = IRC.swift; sourceTree = "<group>"; };
		172E2ACE1E034DE6001497DA /* ChannelCollectionViewCell.swift */ = {isa = PBXFileReference; fileEncoding = 4; lastKnownFileType = sourcecode.swift; path = ChannelCollectionViewCell.swift; sourceTree = "<group>"; };
		173517121E04D689005219E0 /* NSNumber+UIPressType.swift */ = {isa = PBXFileReference; fileEncoding = 4; lastKnownFileType = sourcecode.swift; path = "NSNumber+UIPressType.swift"; sourceTree = "<group>"; };
		173517141E04DE80005219E0 /* ChannelGuideViewController.swift */ = {isa = PBXFileReference; fileEncoding = 4; lastKnownFileType = sourcecode.swift; path = ChannelGuideViewController.swift; sourceTree = "<group>"; };
		173517161E04DE92005219E0 /* ChatRealmViewController.swift */ = {isa = PBXFileReference; fileEncoding = 4; lastKnownFileType = sourcecode.swift; path = ChatRealmViewController.swift; sourceTree = "<group>"; };
		173517181E05D935005219E0 /* Schedule.swift */ = {isa = PBXFileReference; fileEncoding = 4; lastKnownFileType = sourcecode.swift; path = Schedule.swift; sourceTree = "<group>"; };
		1735171A1E05D947005219E0 /* Event.swift */ = {isa = PBXFileReference; fileEncoding = 4; lastKnownFileType = sourcecode.swift; path = Event.swift; sourceTree = "<group>"; };
		1735171C1E05D959005219E0 /* Duration.swift */ = {isa = PBXFileReference; fileEncoding = 4; lastKnownFileType = sourcecode.swift; path = Duration.swift; sourceTree = "<group>"; };
		1735171E1E05D977005219E0 /* NSDate+Calendar.swift */ = {isa = PBXFileReference; fileEncoding = 4; lastKnownFileType = sourcecode.swift; path = "NSDate+Calendar.swift"; sourceTree = "<group>"; };
		173517201E05DC0B005219E0 /* Keys.plist */ = {isa = PBXFileReference; fileEncoding = 4; lastKnownFileType = text.plist.xml; path = Keys.plist; sourceTree = "<group>"; };
		17830D741E00BFD200F71D8F /* MessageTableViewCell.swift */ = {isa = PBXFileReference; fileEncoding = 4; lastKnownFileType = sourcecode.swift; path = MessageTableViewCell.swift; sourceTree = "<group>"; };
		17D94DC31DFC9EE300509487 /* Diamond Club.app */ = {isa = PBXFileReference; explicitFileType = wrapper.application; includeInIndex = 0; path = "Diamond Club.app"; sourceTree = BUILT_PRODUCTS_DIR; };
		17D94DC61DFC9EE300509487 /* AppDelegate.swift */ = {isa = PBXFileReference; lastKnownFileType = sourcecode.swift; path = AppDelegate.swift; sourceTree = "<group>"; };
		17D94DC81DFC9EE300509487 /* ViewController.swift */ = {isa = PBXFileReference; lastKnownFileType = sourcecode.swift; path = ViewController.swift; sourceTree = "<group>"; };
		17D94DCB1DFC9EE300509487 /* Base */ = {isa = PBXFileReference; lastKnownFileType = file.storyboard; name = Base; path = Base.lproj/Main.storyboard; sourceTree = "<group>"; };
		17D94DCD1DFC9EE300509487 /* Assets.xcassets */ = {isa = PBXFileReference; lastKnownFileType = folder.assetcatalog; path = Assets.xcassets; sourceTree = "<group>"; };
		17D94DCF1DFC9EE300509487 /* Info.plist */ = {isa = PBXFileReference; lastKnownFileType = text.plist.xml; path = Info.plist; sourceTree = "<group>"; };
		17D94DD61DFCA13700509487 /* AVFoundation.framework */ = {isa = PBXFileReference; lastKnownFileType = wrapper.framework; name = AVFoundation.framework; path = System/Library/Frameworks/AVFoundation.framework; sourceTree = SDKROOT; };
		17D94DD71DFCA13700509487 /* AVKit.framework */ = {isa = PBXFileReference; lastKnownFileType = wrapper.framework; name = AVKit.framework; path = System/Library/Frameworks/AVKit.framework; sourceTree = SDKROOT; };
		17D94DDA1DFCA72700509487 /* DiamondClub.swift */ = {isa = PBXFileReference; fileEncoding = 4; lastKnownFileType = sourcecode.swift; path = DiamondClub.swift; sourceTree = "<group>"; };
		24AFBA83FA25B66FF097710D /* Pods_Diamond_Club.framework */ = {isa = PBXFileReference; explicitFileType = wrapper.framework; includeInIndex = 0; path = Pods_Diamond_Club.framework; sourceTree = BUILT_PRODUCTS_DIR; };
		74F124CDB76769F213142663 /* Pods-Diamond Club.release.xcconfig */ = {isa = PBXFileReference; includeInIndex = 1; lastKnownFileType = text.xcconfig; name = "Pods-Diamond Club.release.xcconfig"; path = "Pods/Target Support Files/Pods-Diamond Club/Pods-Diamond Club.release.xcconfig"; sourceTree = "<group>"; };
		92DEC9777600303DB24F36D4 /* Pods-Diamond Club.debug.xcconfig */ = {isa = PBXFileReference; includeInIndex = 1; lastKnownFileType = text.xcconfig; name = "Pods-Diamond Club.debug.xcconfig"; path = "Pods/Target Support Files/Pods-Diamond Club/Pods-Diamond Club.debug.xcconfig"; sourceTree = "<group>"; };
/* End PBXFileReference section */

/* Begin PBXFrameworksBuildPhase section */
		17D94DC01DFC9EE300509487 /* Frameworks */ = {
			isa = PBXFrameworksBuildPhase;
			buildActionMask = 2147483647;
			files = (
				17D94DD81DFCA13700509487 /* AVFoundation.framework in Frameworks */,
				17D94DD91DFCA13700509487 /* AVKit.framework in Frameworks */,
				FD3890CE1CFC0AAE31E8A7F5 /* Pods_Diamond_Club.framework in Frameworks */,
			);
			runOnlyForDeploymentPostprocessing = 0;
		};
/* End PBXFrameworksBuildPhase section */

/* Begin PBXGroup section */
		17D94DBA1DFC9EE300509487 = {
			isa = PBXGroup;
			children = (
				17D94DC51DFC9EE300509487 /* Diamond Club */,
				17D94DC41DFC9EE300509487 /* Products */,
				17D94DD51DFCA13700509487 /* Frameworks */,
				8DFEB76F29A537FD420A5FEA /* Pods */,
			);
			sourceTree = "<group>";
		};
		17D94DC41DFC9EE300509487 /* Products */ = {
			isa = PBXGroup;
			children = (
				17D94DC31DFC9EE300509487 /* Diamond Club.app */,
			);
			name = Products;
			sourceTree = "<group>";
		};
		17D94DC51DFC9EE300509487 /* Diamond Club */ = {
			isa = PBXGroup;
			children = (
				17D94DC61DFC9EE300509487 /* AppDelegate.swift */,
				17D94DC81DFC9EE300509487 /* ViewController.swift */,
				173517141E04DE80005219E0 /* ChannelGuideViewController.swift */,
				173517161E04DE92005219E0 /* ChatRealmViewController.swift */,
				17830D741E00BFD200F71D8F /* MessageTableViewCell.swift */,
				172E2ACE1E034DE6001497DA /* ChannelCollectionViewCell.swift */,
				17D94DDA1DFCA72700509487 /* DiamondClub.swift */,
				1719F4031DFE373200E8C94D /* IRC.swift */,
				173517181E05D935005219E0 /* Schedule.swift */,
				1735171A1E05D947005219E0 /* Event.swift */,
				1735171C1E05D959005219E0 /* Duration.swift */,
				1735171E1E05D977005219E0 /* NSDate+Calendar.swift */,
				173517121E04D689005219E0 /* NSNumber+UIPressType.swift */,
				17D94DCA1DFC9EE300509487 /* Main.storyboard */,
				17D94DCD1DFC9EE300509487 /* Assets.xcassets */,
				17D94DCF1DFC9EE300509487 /* Info.plist */,
				173517201E05DC0B005219E0 /* Keys.plist */,
			);
			path = "Diamond Club";
			sourceTree = "<group>";
		};
		17D94DD51DFCA13700509487 /* Frameworks */ = {
			isa = PBXGroup;
			children = (
				17D94DD61DFCA13700509487 /* AVFoundation.framework */,
				17D94DD71DFCA13700509487 /* AVKit.framework */,
				24AFBA83FA25B66FF097710D /* Pods_Diamond_Club.framework */,
			);
			name = Frameworks;
			sourceTree = "<group>";
		};
		8DFEB76F29A537FD420A5FEA /* Pods */ = {
			isa = PBXGroup;
			children = (
				92DEC9777600303DB24F36D4 /* Pods-Diamond Club.debug.xcconfig */,
				74F124CDB76769F213142663 /* Pods-Diamond Club.release.xcconfig */,
			);
			name = Pods;
			sourceTree = "<group>";
		};
/* End PBXGroup section */

/* Begin PBXNativeTarget section */
		17D94DC21DFC9EE300509487 /* Diamond Club */ = {
			isa = PBXNativeTarget;
			buildConfigurationList = 17D94DD21DFC9EE300509487 /* Build configuration list for PBXNativeTarget "Diamond Club" */;
			buildPhases = (
				DF354EAEF7F866BB758F1629 /* [CP] Check Pods Manifest.lock */,
				17D94DBF1DFC9EE300509487 /* Sources */,
				17D94DC01DFC9EE300509487 /* Frameworks */,
				17D94DC11DFC9EE300509487 /* Resources */,
				11F95DDA7B65ACBA40F78428 /* [CP] Embed Pods Frameworks */,
				D1DED6DAC6A506D7F2B6A3F4 /* [CP] Copy Pods Resources */,
			);
			buildRules = (
			);
			dependencies = (
			);
			name = "Diamond Club";
			productName = "Diamond Club";
			productReference = 17D94DC31DFC9EE300509487 /* Diamond Club.app */;
			productType = "com.apple.product-type.application";
		};
/* End PBXNativeTarget section */

/* Begin PBXProject section */
		17D94DBB1DFC9EE300509487 /* Project object */ = {
			isa = PBXProject;
			attributes = {
				LastSwiftUpdateCheck = 0810;
				LastUpgradeCheck = 0810;
				ORGANIZATIONNAME = "Stuart J. Moore";
				TargetAttributes = {
					17D94DC21DFC9EE300509487 = {
						CreatedOnToolsVersion = 8.1;
						DevelopmentTeam = 968599HPC6;
						ProvisioningStyle = Automatic;
					};
				};
			};
			buildConfigurationList = 17D94DBE1DFC9EE300509487 /* Build configuration list for PBXProject "Diamond Club" */;
			compatibilityVersion = "Xcode 3.2";
			developmentRegion = English;
			hasScannedForEncodings = 0;
			knownRegions = (
				en,
				Base,
			);
			mainGroup = 17D94DBA1DFC9EE300509487;
			productRefGroup = 17D94DC41DFC9EE300509487 /* Products */;
			projectDirPath = "";
			projectRoot = "";
			targets = (
				17D94DC21DFC9EE300509487 /* Diamond Club */,
			);
		};
/* End PBXProject section */

/* Begin PBXResourcesBuildPhase section */
		17D94DC11DFC9EE300509487 /* Resources */ = {
			isa = PBXResourcesBuildPhase;
			buildActionMask = 2147483647;
			files = (
				173517211E05DC0B005219E0 /* Keys.plist in Resources */,
				17D94DCE1DFC9EE300509487 /* Assets.xcassets in Resources */,
				17D94DCC1DFC9EE300509487 /* Main.storyboard in Resources */,
			);
			runOnlyForDeploymentPostprocessing = 0;
		};
/* End PBXResourcesBuildPhase section */

/* Begin PBXShellScriptBuildPhase section */
		11F95DDA7B65ACBA40F78428 /* [CP] Embed Pods Frameworks */ = {
			isa = PBXShellScriptBuildPhase;
			buildActionMask = 2147483647;
			files = (
			);
			inputPaths = (
			);
			name = "[CP] Embed Pods Frameworks";
			outputPaths = (
			);
			runOnlyForDeploymentPostprocessing = 0;
			shellPath = /bin/sh;
			shellScript = "\"${SRCROOT}/Pods/Target Support Files/Pods-Diamond Club/Pods-Diamond Club-frameworks.sh\"\n";
			showEnvVarsInLog = 0;
		};
		D1DED6DAC6A506D7F2B6A3F4 /* [CP] Copy Pods Resources */ = {
			isa = PBXShellScriptBuildPhase;
			buildActionMask = 2147483647;
			files = (
			);
			inputPaths = (
			);
			name = "[CP] Copy Pods Resources";
			outputPaths = (
			);
			runOnlyForDeploymentPostprocessing = 0;
			shellPath = /bin/sh;
			shellScript = "\"${SRCROOT}/Pods/Target Support Files/Pods-Diamond Club/Pods-Diamond Club-resources.sh\"\n";
			showEnvVarsInLog = 0;
		};
		DF354EAEF7F866BB758F1629 /* [CP] Check Pods Manifest.lock */ = {
			isa = PBXShellScriptBuildPhase;
			buildActionMask = 2147483647;
			files = (
			);
			inputPaths = (
			);
			name = "[CP] Check Pods Manifest.lock";
			outputPaths = (
			);
			runOnlyForDeploymentPostprocessing = 0;
			shellPath = /bin/sh;
			shellScript = "diff \"${PODS_ROOT}/../Podfile.lock\" \"${PODS_ROOT}/Manifest.lock\" > /dev/null\nif [ $? != 0 ] ; then\n    # print error to STDERR\n    echo \"error: The sandbox is not in sync with the Podfile.lock. Run 'pod install' or update your CocoaPods installation.\" >&2\n    exit 1\nfi\n";
			showEnvVarsInLog = 0;
		};
/* End PBXShellScriptBuildPhase section */

/* Begin PBXSourcesBuildPhase section */
		17D94DBF1DFC9EE300509487 /* Sources */ = {
			isa = PBXSourcesBuildPhase;
			buildActionMask = 2147483647;
			files = (
				172E2ACF1E034DE6001497DA /* ChannelCollectionViewCell.swift in Sources */,
				1735171B1E05D947005219E0 /* Event.swift in Sources */,
				17D94DDB1DFCA72700509487 /* DiamondClub.swift in Sources */,
				1735171D1E05D959005219E0 /* Duration.swift in Sources */,
				173517151E04DE80005219E0 /* ChannelGuideViewController.swift in Sources */,
				17D94DC91DFC9EE300509487 /* ViewController.swift in Sources */,
				173517171E04DE92005219E0 /* ChatRealmViewController.swift in Sources */,
				1719F4041DFE373200E8C94D /* IRC.swift in Sources */,
				17830D751E00BFD200F71D8F /* MessageTableViewCell.swift in Sources */,
				173517131E04D689005219E0 /* NSNumber+UIPressType.swift in Sources */,
				173517191E05D935005219E0 /* Schedule.swift in Sources */,
				1735171F1E05D977005219E0 /* NSDate+Calendar.swift in Sources */,
				17D94DC71DFC9EE300509487 /* AppDelegate.swift in Sources */,
			);
			runOnlyForDeploymentPostprocessing = 0;
		};
/* End PBXSourcesBuildPhase section */

/* Begin PBXVariantGroup section */
		17D94DCA1DFC9EE300509487 /* Main.storyboard */ = {
			isa = PBXVariantGroup;
			children = (
				17D94DCB1DFC9EE300509487 /* Base */,
			);
			name = Main.storyboard;
			sourceTree = "<group>";
		};
/* End PBXVariantGroup section */

/* Begin XCBuildConfiguration section */
		17D94DD01DFC9EE300509487 /* Debug */ = {
			isa = XCBuildConfiguration;
			buildSettings = {
				ALWAYS_SEARCH_USER_PATHS = NO;
				CLANG_ANALYZER_NONNULL = YES;
				CLANG_CXX_LANGUAGE_STANDARD = "gnu++0x";
				CLANG_CXX_LIBRARY = "libc++";
				CLANG_ENABLE_MODULES = YES;
				CLANG_ENABLE_OBJC_ARC = YES;
				CLANG_WARN_BOOL_CONVERSION = YES;
				CLANG_WARN_CONSTANT_CONVERSION = YES;
				CLANG_WARN_DIRECT_OBJC_ISA_USAGE = YES_ERROR;
				CLANG_WARN_DOCUMENTATION_COMMENTS = YES;
				CLANG_WARN_EMPTY_BODY = YES;
				CLANG_WARN_ENUM_CONVERSION = YES;
				CLANG_WARN_INFINITE_RECURSION = YES;
				CLANG_WARN_INT_CONVERSION = YES;
				CLANG_WARN_OBJC_ROOT_CLASS = YES_ERROR;
				CLANG_WARN_SUSPICIOUS_MOVES = YES;
				CLANG_WARN_UNREACHABLE_CODE = YES;
				CLANG_WARN__DUPLICATE_METHOD_MATCH = YES;
				COPY_PHASE_STRIP = NO;
				DEBUG_INFORMATION_FORMAT = dwarf;
				ENABLE_STRICT_OBJC_MSGSEND = YES;
				ENABLE_TESTABILITY = YES;
				GCC_C_LANGUAGE_STANDARD = gnu99;
				GCC_DYNAMIC_NO_PIC = NO;
				GCC_NO_COMMON_BLOCKS = YES;
				GCC_OPTIMIZATION_LEVEL = 0;
				GCC_PREPROCESSOR_DEFINITIONS = (
					"DEBUG=1",
					"$(inherited)",
				);
				GCC_WARN_64_TO_32_BIT_CONVERSION = YES;
				GCC_WARN_ABOUT_RETURN_TYPE = YES_ERROR;
				GCC_WARN_UNDECLARED_SELECTOR = YES;
				GCC_WARN_UNINITIALIZED_AUTOS = YES_AGGRESSIVE;
				GCC_WARN_UNUSED_FUNCTION = YES;
				GCC_WARN_UNUSED_VARIABLE = YES;
				MTL_ENABLE_DEBUG_INFO = YES;
				ONLY_ACTIVE_ARCH = YES;
				SDKROOT = appletvos;
				SWIFT_ACTIVE_COMPILATION_CONDITIONS = DEBUG;
				SWIFT_OPTIMIZATION_LEVEL = "-Onone";
				TARGETED_DEVICE_FAMILY = 3;
				TVOS_DEPLOYMENT_TARGET = 10.0;
			};
			name = Debug;
		};
		17D94DD11DFC9EE300509487 /* Release */ = {
			isa = XCBuildConfiguration;
			buildSettings = {
				ALWAYS_SEARCH_USER_PATHS = NO;
				CLANG_ANALYZER_NONNULL = YES;
				CLANG_CXX_LANGUAGE_STANDARD = "gnu++0x";
				CLANG_CXX_LIBRARY = "libc++";
				CLANG_ENABLE_MODULES = YES;
				CLANG_ENABLE_OBJC_ARC = YES;
				CLANG_WARN_BOOL_CONVERSION = YES;
				CLANG_WARN_CONSTANT_CONVERSION = YES;
				CLANG_WARN_DIRECT_OBJC_ISA_USAGE = YES_ERROR;
				CLANG_WARN_DOCUMENTATION_COMMENTS = YES;
				CLANG_WARN_EMPTY_BODY = YES;
				CLANG_WARN_ENUM_CONVERSION = YES;
				CLANG_WARN_INFINITE_RECURSION = YES;
				CLANG_WARN_INT_CONVERSION = YES;
				CLANG_WARN_OBJC_ROOT_CLASS = YES_ERROR;
				CLANG_WARN_SUSPICIOUS_MOVES = YES;
				CLANG_WARN_UNREACHABLE_CODE = YES;
				CLANG_WARN__DUPLICATE_METHOD_MATCH = YES;
				COPY_PHASE_STRIP = NO;
				DEBUG_INFORMATION_FORMAT = "dwarf-with-dsym";
				ENABLE_NS_ASSERTIONS = NO;
				ENABLE_STRICT_OBJC_MSGSEND = YES;
				GCC_C_LANGUAGE_STANDARD = gnu99;
				GCC_NO_COMMON_BLOCKS = YES;
				GCC_WARN_64_TO_32_BIT_CONVERSION = YES;
				GCC_WARN_ABOUT_RETURN_TYPE = YES_ERROR;
				GCC_WARN_UNDECLARED_SELECTOR = YES;
				GCC_WARN_UNINITIALIZED_AUTOS = YES_AGGRESSIVE;
				GCC_WARN_UNUSED_FUNCTION = YES;
				GCC_WARN_UNUSED_VARIABLE = YES;
				MTL_ENABLE_DEBUG_INFO = NO;
				SDKROOT = appletvos;
				SWIFT_OPTIMIZATION_LEVEL = "-Owholemodule";
				TARGETED_DEVICE_FAMILY = 3;
				TVOS_DEPLOYMENT_TARGET = 10.0;
				VALIDATE_PRODUCT = YES;
			};
			name = Release;
		};
		17D94DD31DFC9EE300509487 /* Debug */ = {
			isa = XCBuildConfiguration;
			baseConfigurationReference = 92DEC9777600303DB24F36D4 /* Pods-Diamond Club.debug.xcconfig */;
			buildSettings = {
				ASSETCATALOG_COMPILER_APPICON_NAME = "App Icon & Top Shelf Image";
				ASSETCATALOG_COMPILER_LAUNCHIMAGE_NAME = LaunchImage;
				DEVELOPMENT_TEAM = 968599HPC6;
				INFOPLIST_FILE = "Diamond Club/Info.plist";
				LD_RUNPATH_SEARCH_PATHS = "$(inherited) @executable_path/Frameworks";
				PRODUCT_BUNDLE_IDENTIFIER = "com.stuartjmoore.Diamond-Club";
				PRODUCT_NAME = "$(TARGET_NAME)";
				SWIFT_VERSION = 3.0;
			};
			name = Debug;
		};
		17D94DD41DFC9EE300509487 /* Release */ = {
			isa = XCBuildConfiguration;
			baseConfigurationReference = 74F124CDB76769F213142663 /* Pods-Diamond Club.release.xcconfig */;
			buildSettings = {
				ASSETCATALOG_COMPILER_APPICON_NAME = "App Icon & Top Shelf Image";
				ASSETCATALOG_COMPILER_LAUNCHIMAGE_NAME = LaunchImage;
				DEVELOPMENT_TEAM = 968599HPC6;
				INFOPLIST_FILE = "Diamond Club/Info.plist";
				LD_RUNPATH_SEARCH_PATHS = "$(inherited) @executable_path/Frameworks";
				PRODUCT_BUNDLE_IDENTIFIER = "com.stuartjmoore.Diamond-Club";
				PRODUCT_NAME = "$(TARGET_NAME)";
				SWIFT_VERSION = 3.0;
			};
			name = Release;
		};
/* End XCBuildConfiguration section */

/* Begin XCConfigurationList section */
		17D94DBE1DFC9EE300509487 /* Build configuration list for PBXProject "Diamond Club" */ = {
			isa = XCConfigurationList;
			buildConfigurations = (
				17D94DD01DFC9EE300509487 /* Debug */,
				17D94DD11DFC9EE300509487 /* Release */,
			);
			defaultConfigurationIsVisible = 0;
			defaultConfigurationName = Release;
		};
		17D94DD21DFC9EE300509487 /* Build configuration list for PBXNativeTarget "Diamond Club" */ = {
			isa = XCConfigurationList;
			buildConfigurations = (
				17D94DD31DFC9EE300509487 /* Debug */,
				17D94DD41DFC9EE300509487 /* Release */,
			);
			defaultConfigurationIsVisible = 0;
			defaultConfigurationName = Release;
		};
/* End XCConfigurationList section */
	};
	rootObject = 17D94DBB1DFC9EE300509487 /* Project object */;
}
